
Microsoft Visual Studio Solution File, Format Version 12.00
# Visual Studio Version 16
VisualStudioVersion = 16.0.32228.343
MinimumVisualStudioVersion = 10.0.40219.1
Project("{9A19103F-16F7-4668-BE54-9A1E7A4F7556}") = "CSharpKurs", "CSharpKurs\CSharpKurs.csproj", "{6F789F52-9063-4154-9177-546D99463A24}"
EndProject
Project("{9A19103F-16F7-4668-BE54-9A1E7A4F7556}") = "Donguler", "Donguler\Donguler.csproj", "{EF735A53-AB24-4FBC-8305-A005D29DFCA1}"
EndProject
Project("{9A19103F-16F7-4668-BE54-9A1E7A4F7556}") = "ClassIntro", "ClassIntro\ClassIntro.csproj", "{F72AE50D-B97B-4C56-9273-673DF5DF4B25}"
EndProject
Project("{9A19103F-16F7-4668-BE54-9A1E7A4F7556}") = "Arrays", "Arrays\Arrays.csproj", "{5E95BA38-0D16-4DC5-BB59-1120C06E2040}"
EndProject
Project("{FAE04EC0-301F-11D3-BF4B-00C04F79EFBC}") = "Metotlar", "Metotlar\Metotlar.csproj", "{BEE0C6F0-1FA2-4BD8-99DC-2CE0B589AD3A}"
EndProject
Project("{FAE04EC0-301F-11D3-BF4B-00C04F79EFBC}") = "Matematik", "Matematik\Matematik.csproj", "{8F8AB70A-FD5D-43F2-BFBE-63B1935C3722}"
EndProject
Project("{FAE04EC0-301F-11D3-BF4B-00C04F79EFBC}") = "DegerVeReferansTipler", "DegerVeReferansTipler\DegerVeReferansTipler.csproj", "{5A1FEBDB-1C35-47F1-80C5-5218D3CBDC5E}"
EndProject
Global
	GlobalSection(SolutionConfigurationPlatforms) = preSolution
		Debug|Any CPU = Debug|Any CPU
		Release|Any CPU = Release|Any CPU
	EndGlobalSection
	GlobalSection(ProjectConfigurationPlatforms) = postSolution
		{6F789F52-9063-4154-9177-546D99463A24}.Debug|Any CPU.ActiveCfg = Debug|Any CPU
		{6F789F52-9063-4154-9177-546D99463A24}.Debug|Any CPU.Build.0 = Debug|Any CPU
		{6F789F52-9063-4154-9177-546D99463A24}.Release|Any CPU.ActiveCfg = Release|Any CPU
		{6F789F52-9063-4154-9177-546D99463A24}.Release|Any CPU.Build.0 = Release|Any CPU
		{EF735A53-AB24-4FBC-8305-A005D29DFCA1}.Debug|Any CPU.ActiveCfg = Debug|Any CPU
		{EF735A53-AB24-4FBC-8305-A005D29DFCA1}.Debug|Any CPU.Build.0 = Debug|Any CPU
		{EF735A53-AB24-4FBC-8305-A005D29DFCA1}.Release|Any CPU.ActiveCfg = Release|Any CPU
		{EF735A53-AB24-4FBC-8305-A005D29DFCA1}.Release|Any CPU.Build.0 = Release|Any CPU
		{F72AE50D-B97B-4C56-9273-673DF5DF4B25}.Debug|Any CPU.ActiveCfg = Debug|Any CPU
		{F72AE50D-B97B-4C56-9273-673DF5DF4B25}.Debug|Any CPU.Build.0 = Debug|Any CPU
		{F72AE50D-B97B-4C56-9273-673DF5DF4B25}.Release|Any CPU.ActiveCfg = Release|Any CPU
		{F72AE50D-B97B-4C56-9273-673DF5DF4B25}.Release|Any CPU.Build.0 = Release|Any CPU
		{5E95BA38-0D16-4DC5-BB59-1120C06E2040}.Debug|Any CPU.ActiveCfg = Debug|Any CPU
		{5E95BA38-0D16-4DC5-BB59-1120C06E2040}.Debug|Any CPU.Build.0 = Debug|Any CPU
		{5E95BA38-0D16-4DC5-BB59-1120C06E2040}.Release|Any CPU.ActiveCfg = Release|Any CPU
		{5E95BA38-0D16-4DC5-BB59-1120C06E2040}.Release|Any CPU.Build.0 = Release|Any CPU
		{BEE0C6F0-1FA2-4BD8-99DC-2CE0B589AD3A}.Debug|Any CPU.ActiveCfg = Debug|Any CPU
		{BEE0C6F0-1FA2-4BD8-99DC-2CE0B589AD3A}.Debug|Any CPU.Build.0 = Debug|Any CPU
		{BEE0C6F0-1FA2-4BD8-99DC-2CE0B589AD3A}.Release|Any CPU.ActiveCfg = Release|Any CPU
		{BEE0C6F0-1FA2-4BD8-99DC-2CE0B589AD3A}.Release|Any CPU.Build.0 = Release|Any CPU
		{8F8AB70A-FD5D-43F2-BFBE-63B1935C3722}.Debug|Any CPU.ActiveCfg = Debug|Any CPU
		{8F8AB70A-FD5D-43F2-BFBE-63B1935C3722}.Debug|Any CPU.Build.0 = Debug|Any CPU
		{8F8AB70A-FD5D-43F2-BFBE-63B1935C3722}.Release|Any CPU.ActiveCfg = Release|Any CPU
		{8F8AB70A-FD5D-43F2-BFBE-63B1935C3722}.Release|Any CPU.Build.0 = Release|Any CPU
		{5A1FEBDB-1C35-47F1-80C5-5218D3CBDC5E}.Debug|Any CPU.ActiveCfg = Debug|Any CPU
		{5A1FEBDB-1C35-47F1-80C5-5218D3CBDC5E}.Debug|Any CPU.Build.0 = Debug|Any CPU
		{5A1FEBDB-1C35-47F1-80C5-5218D3CBDC5E}.Release|Any CPU.ActiveCfg = Release|Any CPU
		{5A1FEBDB-1C35-47F1-80C5-5218D3CBDC5E}.Release|Any CPU.Build.0 = Release|Any CPU
	EndGlobalSection
	GlobalSection(SolutionProperties) = preSolution
		HideSolutionNode = FALSE
	EndGlobalSection
	GlobalSection(ExtensibilityGlobals) = postSolution
		SolutionGuid = {239BE32D-0666-4FC4-A934-F20120282690}
	EndGlobalSection
EndGlobal
